// !$*UTF8*$!
{
	archiveVersion = 1;
	classes = {
	};
	objectVersion = 55;
	objects = {

/* Begin PBXBuildFile section */
		35E3624C2823CB8800CCBEDF /* GameInfoTableViewCell.swift in Sources */ = {isa = PBXBuildFile; fileRef = 35E3624B2823CB8800CCBEDF /* GameInfoTableViewCell.swift */; };
		8F309E3028230095000EAAFA /* Singleton.swift in Sources */ = {isa = PBXBuildFile; fileRef = 8F309E2F28230095000EAAFA /* Singleton.swift */; };
		8F309E33282300FC000EAAFA /* GradientUIView.swift in Sources */ = {isa = PBXBuildFile; fileRef = 8F309E32282300FC000EAAFA /* GradientUIView.swift */; };
		CEA7E63A2820F43C004C4CAA /* AppDelegate.swift in Sources */ = {isa = PBXBuildFile; fileRef = CEA7E6392820F43C004C4CAA /* AppDelegate.swift */; };
		CEA7E63C2820F43C004C4CAA /* SceneDelegate.swift in Sources */ = {isa = PBXBuildFile; fileRef = CEA7E63B2820F43C004C4CAA /* SceneDelegate.swift */; };
		CEA7E63E2820F43C004C4CAA /* MainViewController.swift in Sources */ = {isa = PBXBuildFile; fileRef = CEA7E63D2820F43C004C4CAA /* MainViewController.swift */; };
		CEA7E6412820F43C004C4CAA /* Main.storyboard in Resources */ = {isa = PBXBuildFile; fileRef = CEA7E63F2820F43C004C4CAA /* Main.storyboard */; };
		CEA7E6432820F43D004C4CAA /* Assets.xcassets in Resources */ = {isa = PBXBuildFile; fileRef = CEA7E6422820F43D004C4CAA /* Assets.xcassets */; };
		CEA7E6462820F43D004C4CAA /* LaunchScreen.storyboard in Resources */ = {isa = PBXBuildFile; fileRef = CEA7E6442820F43D004C4CAA /* LaunchScreen.storyboard */; };
		CEA7E651282165F9004C4CAA /* GameInfoViewController.swift in Sources */ = {isa = PBXBuildFile; fileRef = CEA7E650282165F9004C4CAA /* GameInfoViewController.swift */; };
		CEA7E653282166D9004C4CAA /* OptionViewController.swift in Sources */ = {isa = PBXBuildFile; fileRef = CEA7E652282166D9004C4CAA /* OptionViewController.swift */; };
		CEA7E6552821673F004C4CAA /* DictionaryViewController.swift in Sources */ = {isa = PBXBuildFile; fileRef = CEA7E6542821673F004C4CAA /* DictionaryViewController.swift */; };
		CEA7E657282167CA004C4CAA /* GameViewController.swift in Sources */ = {isa = PBXBuildFile; fileRef = CEA7E656282167CA004C4CAA /* GameViewController.swift */; };
		CEA7E6592821683A004C4CAA /* RullsViewController.swift in Sources */ = {isa = PBXBuildFile; fileRef = CEA7E6582821683A004C4CAA /* RullsViewController.swift */; };
		CEA7E65E28218FF8004C4CAA /* .gitignore in Resources */ = {isa = PBXBuildFile; fileRef = CEA7E65D28218FF8004C4CAA /* .gitignore */; };
/* End PBXBuildFile section */

/* Begin PBXFileReference section */
		35E3624B2823CB8800CCBEDF /* GameInfoTableViewCell.swift */ = {isa = PBXFileReference; lastKnownFileType = sourcecode.swift; path = GameInfoTableViewCell.swift; sourceTree = "<group>"; };
		8F309E2F28230095000EAAFA /* Singleton.swift */ = {isa = PBXFileReference; lastKnownFileType = sourcecode.swift; name = Singleton.swift; path = Allias/Controllers/Singleton.swift; sourceTree = SOURCE_ROOT; };
		8F309E32282300FC000EAAFA /* GradientUIView.swift */ = {isa = PBXFileReference; lastKnownFileType = sourcecode.swift; path = GradientUIView.swift; sourceTree = "<group>"; };
		CEA7E6362820F43C004C4CAA /* Allias.app */ = {isa = PBXFileReference; explicitFileType = wrapper.application; includeInIndex = 0; path = Allias.app; sourceTree = BUILT_PRODUCTS_DIR; };
		CEA7E6392820F43C004C4CAA /* AppDelegate.swift */ = {isa = PBXFileReference; lastKnownFileType = sourcecode.swift; path = AppDelegate.swift; sourceTree = "<group>"; };
		CEA7E63B2820F43C004C4CAA /* SceneDelegate.swift */ = {isa = PBXFileReference; lastKnownFileType = sourcecode.swift; path = SceneDelegate.swift; sourceTree = "<group>"; };
		CEA7E63D2820F43C004C4CAA /* MainViewController.swift */ = {isa = PBXFileReference; lastKnownFileType = sourcecode.swift; path = MainViewController.swift; sourceTree = "<group>"; };
		CEA7E6402820F43C004C4CAA /* Base */ = {isa = PBXFileReference; lastKnownFileType = file.storyboard; name = Base; path = Base.lproj/Main.storyboard; sourceTree = "<group>"; };
		CEA7E6422820F43D004C4CAA /* Assets.xcassets */ = {isa = PBXFileReference; lastKnownFileType = folder.assetcatalog; path = Assets.xcassets; sourceTree = "<group>"; };
		CEA7E6452820F43D004C4CAA /* Base */ = {isa = PBXFileReference; lastKnownFileType = file.storyboard; name = Base; path = Base.lproj/LaunchScreen.storyboard; sourceTree = "<group>"; };
		CEA7E6472820F43D004C4CAA /* Info.plist */ = {isa = PBXFileReference; lastKnownFileType = text.plist.xml; path = Info.plist; sourceTree = "<group>"; };
		CEA7E650282165F9004C4CAA /* GameInfoViewController.swift */ = {isa = PBXFileReference; lastKnownFileType = sourcecode.swift; path = GameInfoViewController.swift; sourceTree = "<group>"; };
		CEA7E652282166D9004C4CAA /* OptionViewController.swift */ = {isa = PBXFileReference; lastKnownFileType = sourcecode.swift; path = OptionViewController.swift; sourceTree = "<group>"; };
		CEA7E6542821673F004C4CAA /* DictionaryViewController.swift */ = {isa = PBXFileReference; lastKnownFileType = sourcecode.swift; path = DictionaryViewController.swift; sourceTree = "<group>"; };
		CEA7E656282167CA004C4CAA /* GameViewController.swift */ = {isa = PBXFileReference; lastKnownFileType = sourcecode.swift; path = GameViewController.swift; sourceTree = "<group>"; };
		CEA7E6582821683A004C4CAA /* RullsViewController.swift */ = {isa = PBXFileReference; lastKnownFileType = sourcecode.swift; path = RullsViewController.swift; sourceTree = "<group>"; };
		CEA7E65D28218FF8004C4CAA /* .gitignore */ = {isa = PBXFileReference; lastKnownFileType = text; path = .gitignore; sourceTree = "<group>"; };
/* End PBXFileReference section */

/* Begin PBXFrameworksBuildPhase section */
		CEA7E6332820F43C004C4CAA /* Frameworks */ = {
			isa = PBXFrameworksBuildPhase;
			buildActionMask = 2147483647;
			files = (
			);
			runOnlyForDeploymentPostprocessing = 0;
		};
/* End PBXFrameworksBuildPhase section */

/* Begin PBXGroup section */
		8F309E31282300DD000EAAFA /* SubControllers */ = {
			isa = PBXGroup;
			children = (
				8F309E32282300FC000EAAFA /* GradientUIView.swift */,
			);
			path = SubControllers;
			sourceTree = "<group>";
		};
		CEA7E62D2820F43C004C4CAA = {
			isa = PBXGroup;
			children = (
				CEA7E65D28218FF8004C4CAA /* .gitignore */,
				CEA7E6382820F43C004C4CAA /* Allias */,
				CEA7E6372820F43C004C4CAA /* Products */,
			);
			sourceTree = "<group>";
		};
		CEA7E6372820F43C004C4CAA /* Products */ = {
			isa = PBXGroup;
			children = (
				CEA7E6362820F43C004C4CAA /* Allias.app */,
			);
			name = Products;
			sourceTree = "<group>";
		};
		CEA7E6382820F43C004C4CAA /* Allias */ = {
			isa = PBXGroup;
			children = (
				CEA7E6392820F43C004C4CAA /* AppDelegate.swift */,
				CEA7E63B2820F43C004C4CAA /* SceneDelegate.swift */,
				CEA7E64F28216017004C4CAA /* Model */,
				CEA7E64E28215FFC004C4CAA /* View */,
				CEA7E64D28215FD1004C4CAA /* Controllers */,
				CEA7E6422820F43D004C4CAA /* Assets.xcassets */,
				CEA7E6442820F43D004C4CAA /* LaunchScreen.storyboard */,
				CEA7E6472820F43D004C4CAA /* Info.plist */,
			);
			path = Allias;
			sourceTree = "<group>";
		};
		CEA7E64D28215FD1004C4CAA /* Controllers */ = {
			isa = PBXGroup;
			children = (
				8F309E31282300DD000EAAFA /* SubControllers */,
				CEA7E63D2820F43C004C4CAA /* MainViewController.swift */,
				CEA7E6542821673F004C4CAA /* DictionaryViewController.swift */,
				CEA7E6582821683A004C4CAA /* RullsViewController.swift */,
				CEA7E652282166D9004C4CAA /* OptionViewController.swift */,
				CEA7E656282167CA004C4CAA /* GameViewController.swift */,
				CEA7E650282165F9004C4CAA /* GameInfoViewController.swift */,
				35E3624B2823CB8800CCBEDF /* GameInfoTableViewCell.swift */,
			);
			path = Controllers;
			sourceTree = "<group>";
		};
		CEA7E64E28215FFC004C4CAA /* View */ = {
			isa = PBXGroup;
			children = (
				CEA7E63F2820F43C004C4CAA /* Main.storyboard */,
			);
			path = View;
			sourceTree = "<group>";
		};
		CEA7E64F28216017004C4CAA /* Model */ = {
			isa = PBXGroup;
			children = (
				8F309E2F28230095000EAAFA /* Singleton.swift */,
			);
			path = Model;
			sourceTree = "<group>";
		};
/* End PBXGroup section */

/* Begin PBXNativeTarget section */
		CEA7E6352820F43C004C4CAA /* Allias */ = {
			isa = PBXNativeTarget;
			buildConfigurationList = CEA7E64A2820F43D004C4CAA /* Build configuration list for PBXNativeTarget "Allias" */;
			buildPhases = (
				CEA7E6322820F43C004C4CAA /* Sources */,
				CEA7E6332820F43C004C4CAA /* Frameworks */,
				CEA7E6342820F43C004C4CAA /* Resources */,
			);
			buildRules = (
			);
			dependencies = (
			);
			name = Allias;
			productName = Allias;
			productReference = CEA7E6362820F43C004C4CAA /* Allias.app */;
			productType = "com.apple.product-type.application";
		};
/* End PBXNativeTarget section */

/* Begin PBXProject section */
		CEA7E62E2820F43C004C4CAA /* Project object */ = {
			isa = PBXProject;
			attributes = {
				BuildIndependentTargetsInParallel = 1;
				LastSwiftUpdateCheck = 1320;
				LastUpgradeCheck = 1320;
				TargetAttributes = {
					CEA7E6352820F43C004C4CAA = {
						CreatedOnToolsVersion = 13.2.1;
					};
				};
			};
			buildConfigurationList = CEA7E6312820F43C004C4CAA /* Build configuration list for PBXProject "Allias" */;
			compatibilityVersion = "Xcode 13.0";
			developmentRegion = en;
			hasScannedForEncodings = 0;
			knownRegions = (
				en,
				Base,
			);
			mainGroup = CEA7E62D2820F43C004C4CAA;
			productRefGroup = CEA7E6372820F43C004C4CAA /* Products */;
			projectDirPath = "";
			projectRoot = "";
			targets = (
				CEA7E6352820F43C004C4CAA /* Allias */,
			);
		};
/* End PBXProject section */

/* Begin PBXResourcesBuildPhase section */
		CEA7E6342820F43C004C4CAA /* Resources */ = {
			isa = PBXResourcesBuildPhase;
			buildActionMask = 2147483647;
			files = (
				CEA7E65E28218FF8004C4CAA /* .gitignore in Resources */,
				CEA7E6462820F43D004C4CAA /* LaunchScreen.storyboard in Resources */,
				CEA7E6432820F43D004C4CAA /* Assets.xcassets in Resources */,
				CEA7E6412820F43C004C4CAA /* Main.storyboard in Resources */,
			);
			runOnlyForDeploymentPostprocessing = 0;
		};
/* End PBXResourcesBuildPhase section */

/* Begin PBXSourcesBuildPhase section */
		CEA7E6322820F43C004C4CAA /* Sources */ = {
			isa = PBXSourcesBuildPhase;
			buildActionMask = 2147483647;
			files = (
				CEA7E657282167CA004C4CAA /* GameViewController.swift in Sources */,
				8F309E3028230095000EAAFA /* Singleton.swift in Sources */,
				CEA7E6552821673F004C4CAA /* DictionaryViewController.swift in Sources */,
				CEA7E651282165F9004C4CAA /* GameInfoViewController.swift in Sources */,
				8F309E33282300FC000EAAFA /* GradientUIView.swift in Sources */,
				CEA7E653282166D9004C4CAA /* OptionViewController.swift in Sources */,
				CEA7E63E2820F43C004C4CAA /* MainViewController.swift in Sources */,
				CEA7E6592821683A004C4CAA /* RullsViewController.swift in Sources */,
				CEA7E63A2820F43C004C4CAA /* AppDelegate.swift in Sources */,
				CEA7E63C2820F43C004C4CAA /* SceneDelegate.swift in Sources */,
				35E3624C2823CB8800CCBEDF /* GameInfoTableViewCell.swift in Sources */,
			);
			runOnlyForDeploymentPostprocessing = 0;
		};
/* End PBXSourcesBuildPhase section */

/* Begin PBXVariantGroup section */
		CEA7E63F2820F43C004C4CAA /* Main.storyboard */ = {
			isa = PBXVariantGroup;
			children = (
				CEA7E6402820F43C004C4CAA /* Base */,
			);
			name = Main.storyboard;
			sourceTree = "<group>";
		};
		CEA7E6442820F43D004C4CAA /* LaunchScreen.storyboard */ = {
			isa = PBXVariantGroup;
			children = (
				CEA7E6452820F43D004C4CAA /* Base */,
			);
			name = LaunchScreen.storyboard;
			sourceTree = "<group>";
		};
/* End PBXVariantGroup section */

/* Begin XCBuildConfiguration section */
		CEA7E6482820F43D004C4CAA /* Debug */ = {
			isa = XCBuildConfiguration;
			buildSettings = {
				ALWAYS_SEARCH_USER_PATHS = NO;
				CLANG_ANALYZER_NONNULL = YES;
				CLANG_ANALYZER_NUMBER_OBJECT_CONVERSION = YES_AGGRESSIVE;
				CLANG_CXX_LANGUAGE_STANDARD = "gnu++17";
				CLANG_CXX_LIBRARY = "libc++";
				CLANG_ENABLE_MODULES = YES;
				CLANG_ENABLE_OBJC_ARC = YES;
				CLANG_ENABLE_OBJC_WEAK = YES;
				CLANG_WARN_BLOCK_CAPTURE_AUTORELEASING = YES;
				CLANG_WARN_BOOL_CONVERSION = YES;
				CLANG_WARN_COMMA = YES;
				CLANG_WARN_CONSTANT_CONVERSION = YES;
				CLANG_WARN_DEPRECATED_OBJC_IMPLEMENTATIONS = YES;
				CLANG_WARN_DIRECT_OBJC_ISA_USAGE = YES_ERROR;
				CLANG_WARN_DOCUMENTATION_COMMENTS = YES;
				CLANG_WARN_EMPTY_BODY = YES;
				CLANG_WARN_ENUM_CONVERSION = YES;
				CLANG_WARN_INFINITE_RECURSION = YES;
				CLANG_WARN_INT_CONVERSION = YES;
				CLANG_WARN_NON_LITERAL_NULL_CONVERSION = YES;
				CLANG_WARN_OBJC_IMPLICIT_RETAIN_SELF = YES;
				CLANG_WARN_OBJC_LITERAL_CONVERSION = YES;
				CLANG_WARN_OBJC_ROOT_CLASS = YES_ERROR;
				CLANG_WARN_QUOTED_INCLUDE_IN_FRAMEWORK_HEADER = YES;
				CLANG_WARN_RANGE_LOOP_ANALYSIS = YES;
				CLANG_WARN_STRICT_PROTOTYPES = YES;
				CLANG_WARN_SUSPICIOUS_MOVE = YES;
				CLANG_WARN_UNGUARDED_AVAILABILITY = YES_AGGRESSIVE;
				CLANG_WARN_UNREACHABLE_CODE = YES;
				CLANG_WARN__DUPLICATE_METHOD_MATCH = YES;
				COPY_PHASE_STRIP = NO;
				DEBUG_INFORMATION_FORMAT = dwarf;
				ENABLE_STRICT_OBJC_MSGSEND = YES;
				ENABLE_TESTABILITY = YES;
				GCC_C_LANGUAGE_STANDARD = gnu11;
				GCC_DYNAMIC_NO_PIC = NO;
				GCC_NO_COMMON_BLOCKS = YES;
				GCC_OPTIMIZATION_LEVEL = 0;
				GCC_PREPROCESSOR_DEFINITIONS = (
					"DEBUG=1",
					"$(inherited)",
				);
				GCC_WARN_64_TO_32_BIT_CONVERSION = YES;
				GCC_WARN_ABOUT_RETURN_TYPE = YES_ERROR;
				GCC_WARN_UNDECLARED_SELECTOR = YES;
				GCC_WARN_UNINITIALIZED_AUTOS = YES_AGGRESSIVE;
				GCC_WARN_UNUSED_FUNCTION = YES;
				GCC_WARN_UNUSED_VARIABLE = YES;
				IPHONEOS_DEPLOYMENT_TARGET = 15.2;
				MTL_ENABLE_DEBUG_INFO = INCLUDE_SOURCE;
				MTL_FAST_MATH = YES;
				ONLY_ACTIVE_ARCH = YES;
				SDKROOT = iphoneos;
				SWIFT_ACTIVE_COMPILATION_CONDITIONS = DEBUG;
				SWIFT_OPTIMIZATION_LEVEL = "-Onone";
			};
			name = Debug;
		};
		CEA7E6492820F43D004C4CAA /* Release */ = {
			isa = XCBuildConfiguration;
			buildSettings = {
				ALWAYS_SEARCH_USER_PATHS = NO;
				CLANG_ANALYZER_NONNULL = YES;
				CLANG_ANALYZER_NUMBER_OBJECT_CONVERSION = YES_AGGRESSIVE;
				CLANG_CXX_LANGUAGE_STANDARD = "gnu++17";
				CLANG_CXX_LIBRARY = "libc++";
				CLANG_ENABLE_MODULES = YES;
				CLANG_ENABLE_OBJC_ARC = YES;
				CLANG_ENABLE_OBJC_WEAK = YES;
				CLANG_WARN_BLOCK_CAPTURE_AUTORELEASING = YES;
				CLANG_WARN_BOOL_CONVERSION = YES;
				CLANG_WARN_COMMA = YES;
				CLANG_WARN_CONSTANT_CONVERSION = YES;
				CLANG_WARN_DEPRECATED_OBJC_IMPLEMENTATIONS = YES;
				CLANG_WARN_DIRECT_OBJC_ISA_USAGE = YES_ERROR;
				CLANG_WARN_DOCUMENTATION_COMMENTS = YES;
				CLANG_WARN_EMPTY_BODY = YES;
				CLANG_WARN_ENUM_CONVERSION = YES;
				CLANG_WARN_INFINITE_RECURSION = YES;
				CLANG_WARN_INT_CONVERSION = YES;
				CLANG_WARN_NON_LITERAL_NULL_CONVERSION = YES;
				CLANG_WARN_OBJC_IMPLICIT_RETAIN_SELF = YES;
				CLANG_WARN_OBJC_LITERAL_CONVERSION = YES;
				CLANG_WARN_OBJC_ROOT_CLASS = YES_ERROR;
				CLANG_WARN_QUOTED_INCLUDE_IN_FRAMEWORK_HEADER = YES;
				CLANG_WARN_RANGE_LOOP_ANALYSIS = YES;
				CLANG_WARN_STRICT_PROTOTYPES = YES;
				CLANG_WARN_SUSPICIOUS_MOVE = YES;
				CLANG_WARN_UNGUARDED_AVAILABILITY = YES_AGGRESSIVE;
				CLANG_WARN_UNREACHABLE_CODE = YES;
				CLANG_WARN__DUPLICATE_METHOD_MATCH = YES;
				COPY_PHASE_STRIP = NO;
				DEBUG_INFORMATION_FORMAT = "dwarf-with-dsym";
				ENABLE_NS_ASSERTIONS = NO;
				ENABLE_STRICT_OBJC_MSGSEND = YES;
				GCC_C_LANGUAGE_STANDARD = gnu11;
				GCC_NO_COMMON_BLOCKS = YES;
				GCC_WARN_64_TO_32_BIT_CONVERSION = YES;
				GCC_WARN_ABOUT_RETURN_TYPE = YES_ERROR;
				GCC_WARN_UNDECLARED_SELECTOR = YES;
				GCC_WARN_UNINITIALIZED_AUTOS = YES_AGGRESSIVE;
				GCC_WARN_UNUSED_FUNCTION = YES;
				GCC_WARN_UNUSED_VARIABLE = YES;
				IPHONEOS_DEPLOYMENT_TARGET = 15.2;
				MTL_ENABLE_DEBUG_INFO = NO;
				MTL_FAST_MATH = YES;
				SDKROOT = iphoneos;
				SWIFT_COMPILATION_MODE = wholemodule;
				SWIFT_OPTIMIZATION_LEVEL = "-O";
				VALIDATE_PRODUCT = YES;
			};
			name = Release;
		};
		CEA7E64B2820F43D004C4CAA /* Debug */ = {
			isa = XCBuildConfiguration;
			buildSettings = {
				ASSETCATALOG_COMPILER_APPICON_NAME = AppIcon;
				ASSETCATALOG_COMPILER_GLOBAL_ACCENT_COLOR_NAME = AccentColor;
				CODE_SIGN_STYLE = Automatic;
				CURRENT_PROJECT_VERSION = 1;
				DEVELOPMENT_TEAM = PFJ2D3242U;
				GENERATE_INFOPLIST_FILE = YES;
				INFOPLIST_FILE = Allias/Info.plist;
				INFOPLIST_KEY_UIApplicationSupportsIndirectInputEvents = YES;
				INFOPLIST_KEY_UILaunchStoryboardName = LaunchScreen;
				INFOPLIST_KEY_UIMainStoryboardFile = Main;
				INFOPLIST_KEY_UISupportedInterfaceOrientations = "";
				INFOPLIST_KEY_UISupportedInterfaceOrientations_iPad = "UIInterfaceOrientationPortrait UIInterfaceOrientationPortraitUpsideDown UIInterfaceOrientationLandscapeLeft UIInterfaceOrientationLandscapeRight";
				INFOPLIST_KEY_UISupportedInterfaceOrientations_iPhone = "UIInterfaceOrientationPortrait UIInterfaceOrientationLandscapeLeft UIInterfaceOrientationLandscapeRight";
				LD_RUNPATH_SEARCH_PATHS = (
					"$(inherited)",
					"@executable_path/Frameworks",
				);
				MARKETING_VERSION = 1.0;
				PRODUCT_BUNDLE_IDENTIFIER = com.bekzod.Allias;
				PRODUCT_NAME = "$(TARGET_NAME)";
				SWIFT_EMIT_LOC_STRINGS = YES;
				SWIFT_VERSION = 5.0;
				TARGETED_DEVICE_FAMILY = "1,2";
			};
			name = Debug;
		};
		CEA7E64C2820F43D004C4CAA /* Release */ = {
			isa = XCBuildConfiguration;
			buildSettings = {
				ASSETCATALOG_COMPILER_APPICON_NAME = AppIcon;
				ASSETCATALOG_COMPILER_GLOBAL_ACCENT_COLOR_NAME = AccentColor;
				CODE_SIGN_STYLE = Automatic;
				CURRENT_PROJECT_VERSION = 1;
				DEVELOPMENT_TEAM = PFJ2D3242U;
				GENERATE_INFOPLIST_FILE = YES;
				INFOPLIST_FILE = Allias/Info.plist;
				INFOPLIST_KEY_UIApplicationSupportsIndirectInputEvents = YES;
				INFOPLIST_KEY_UILaunchStoryboardName = LaunchScreen;
				INFOPLIST_KEY_UIMainStoryboardFile = Main;
				INFOPLIST_KEY_UISupportedInterfaceOrientations = "";
				INFOPLIST_KEY_UISupportedInterfaceOrientations_iPad = "UIInterfaceOrientationPortrait UIInterfaceOrientationPortraitUpsideDown UIInterfaceOrientationLandscapeLeft UIInterfaceOrientationLandscapeRight";
				INFOPLIST_KEY_UISupportedInterfaceOrientations_iPhone = "UIInterfaceOrientationPortrait UIInterfaceOrientationLandscapeLeft UIInterfaceOrientationLandscapeRight";
				LD_RUNPATH_SEARCH_PATHS = (
					"$(inherited)",
					"@executable_path/Frameworks",
				);
				MARKETING_VERSION = 1.0;
				PRODUCT_BUNDLE_IDENTIFIER = com.bekzod.Allias;
				PRODUCT_NAME = "$(TARGET_NAME)";
				SWIFT_EMIT_LOC_STRINGS = YES;
				SWIFT_VERSION = 5.0;
				TARGETED_DEVICE_FAMILY = "1,2";
			};
			name = Release;
		};
/* End XCBuildConfiguration section */

/* Begin XCConfigurationList section */
		CEA7E6312820F43C004C4CAA /* Build configuration list for PBXProject "Allias" */ = {
			isa = XCConfigurationList;
			buildConfigurations = (
				CEA7E6482820F43D004C4CAA /* Debug */,
				CEA7E6492820F43D004C4CAA /* Release */,
			);
			defaultConfigurationIsVisible = 0;
			defaultConfigurationName = Release;
		};
		CEA7E64A2820F43D004C4CAA /* Build configuration list for PBXNativeTarget "Allias" */ = {
			isa = XCConfigurationList;
			buildConfigurations = (
				CEA7E64B2820F43D004C4CAA /* Debug */,
				CEA7E64C2820F43D004C4CAA /* Release */,
			);
			defaultConfigurationIsVisible = 0;
			defaultConfigurationName = Release;
		};
/* End XCConfigurationList section */
	};
	rootObject = CEA7E62E2820F43C004C4CAA /* Project object */;
}
